// !$*UTF8*$!
{
	archiveVersion = 1;
	classes = {
	};
	objectVersion = 46;
	objects = {

/* Begin PBXBuildFile section */
		94AC0BFC1E27127500892F6C /* AppDelegate.swift in Sources */ = {isa = PBXBuildFile; fileRef = 94AC0BFB1E27127500892F6C /* AppDelegate.swift */; };
		94AC0BFE1E27127500892F6C /* ViewController.swift in Sources */ = {isa = PBXBuildFile; fileRef = 94AC0BFD1E27127500892F6C /* ViewController.swift */; };
		94AC0C011E27127500892F6C /* Main.storyboard in Resources */ = {isa = PBXBuildFile; fileRef = 94AC0BFF1E27127500892F6C /* Main.storyboard */; };
		94AC0C031E27127500892F6C /* Assets.xcassets in Resources */ = {isa = PBXBuildFile; fileRef = 94AC0C021E27127500892F6C /* Assets.xcassets */; };
		94AC0C061E27127500892F6C /* LaunchScreen.storyboard in Resources */ = {isa = PBXBuildFile; fileRef = 94AC0C041E27127500892F6C /* LaunchScreen.storyboard */; };
		94AC0C0E1E27198600892F6C /* SehmonVC.swift in Sources */ = {isa = PBXBuildFile; fileRef = 94AC0C0D1E27198600892F6C /* SehmonVC.swift */; };
/* End PBXBuildFile section */

/* Begin PBXFileReference section */
		94AC0BF81E27127500892F6C /* MyFirstApp.app */ = {isa = PBXFileReference; explicitFileType = wrapper.application; includeInIndex = 0; path = MyFirstApp.app; sourceTree = BUILT_PRODUCTS_DIR; };
		94AC0BFB1E27127500892F6C /* AppDelegate.swift */ = {isa = PBXFileReference; lastKnownFileType = sourcecode.swift; path = AppDelegate.swift; sourceTree = "<group>"; };
		94AC0BFD1E27127500892F6C /* ViewController.swift */ = {isa = PBXFileReference; lastKnownFileType = sourcecode.swift; path = ViewController.swift; sourceTree = "<group>"; };
		94AC0C001E27127500892F6C /* Base */ = {isa = PBXFileReference; lastKnownFileType = file.storyboard; name = Base; path = Base.lproj/Main.storyboard; sourceTree = "<group>"; };
		94AC0C021E27127500892F6C /* Assets.xcassets */ = {isa = PBXFileReference; lastKnownFileType = folder.assetcatalog; path = Assets.xcassets; sourceTree = "<group>"; };
		94AC0C051E27127500892F6C /* Base */ = {isa = PBXFileReference; lastKnownFileType = file.storyboard; name = Base; path = Base.lproj/LaunchScreen.storyboard; sourceTree = "<group>"; };
		94AC0C071E27127500892F6C /* Info.plist */ = {isa = PBXFileReference; lastKnownFileType = text.plist.xml; path = Info.plist; sourceTree = "<group>"; };
		94AC0C0D1E27198600892F6C /* SehmonVC.swift */ = {isa = PBXFileReference; fileEncoding = 4; lastKnownFileType = sourcecode.swift; path = SehmonVC.swift; sourceTree = "<group>"; };
/* End PBXFileReference section */

/* Begin PBXFrameworksBuildPhase section */
		94AC0BF51E27127500892F6C /* Frameworks */ = {
			isa = PBXFrameworksBuildPhase;
			buildActionMask = 2147483647;
			files = (
			);
			runOnlyForDeploymentPostprocessing = 0;
		};
/* End PBXFrameworksBuildPhase section */

/* Begin PBXGroup section */
		94AC0BEF1E27127500892F6C = {
			isa = PBXGroup;
			children = (
				94AC0BFA1E27127500892F6C /* MyFirstApp */,
				94AC0BF91E27127500892F6C /* Products */,
			);
			sourceTree = "<group>";
		};
		94AC0BF91E27127500892F6C /* Products */ = {
			isa = PBXGroup;
			children = (
				94AC0BF81E27127500892F6C /* MyFirstApp.app */,
			);
			name = Products;
			sourceTree = "<group>";
		};
		94AC0BFA1E27127500892F6C /* MyFirstApp */ = {
			isa = PBXGroup;
			children = (
				94AC0BFB1E27127500892F6C /* AppDelegate.swift */,
				94AC0BFD1E27127500892F6C /* ViewController.swift */,
				94AC0BFF1E27127500892F6C /* Main.storyboard */,
				94AC0C0D1E27198600892F6C /* SehmonVC.swift */,
				94AC0C021E27127500892F6C /* Assets.xcassets */,
				94AC0C041E27127500892F6C /* LaunchScreen.storyboard */,
				94AC0C071E27127500892F6C /* Info.plist */,
			);
			path = MyFirstApp;
			sourceTree = "<group>";
		};
/* End PBXGroup section */

/* Begin PBXNativeTarget section */
		94AC0BF71E27127500892F6C /* MyFirstApp */ = {
			isa = PBXNativeTarget;
			buildConfigurationList = 94AC0C0A1E27127500892F6C /* Build configuration list for PBXNativeTarget "MyFirstApp" */;
			buildPhases = (
				94AC0BF41E27127500892F6C /* Sources */,
				94AC0BF51E27127500892F6C /* Frameworks */,
				94AC0BF61E27127500892F6C /* Resources */,
			);
			buildRules = (
			);
			dependencies = (
			);
			name = MyFirstApp;
			productName = MyFirstApp;
			productReference = 94AC0BF81E27127500892F6C /* MyFirstApp.app */;
			productType = "com.apple.product-type.application";
		};
/* End PBXNativeTarget section */

/* Begin PBXProject section */
		94AC0BF01E27127500892F6C /* Project object */ = {
			isa = PBXProject;
			attributes = {
				LastSwiftUpdateCheck = 0810;
				LastUpgradeCheck = 0810;
				ORGANIZATIONNAME = "Meg Grasse";
				TargetAttributes = {
					94AC0BF71E27127500892F6C = {
						CreatedOnToolsVersion = 8.1;
						DevelopmentTeam = QR3YW3B828;
						ProvisioningStyle = Automatic;
					};
				};
			};
			buildConfigurationList = 94AC0BF31E27127500892F6C /* Build configuration list for PBXProject "MyFirstApp" */;
			compatibilityVersion = "Xcode 3.2";
			developmentRegion = English;
			hasScannedForEncodings = 0;
			knownRegions = (
				en,
				Base,
			);
			mainGroup = 94AC0BEF1E27127500892F6C;
			productRefGroup = 94AC0BF91E27127500892F6C /* Products */;
			projectDirPath = "";
			projectRoot = "";
			targets = (
				94AC0BF71E27127500892F6C /* MyFirstApp */,
			);
		};
/* End PBXProject section */

/* Begin PBXResourcesBuildPhase section */
		94AC0BF61E27127500892F6C /* Resources */ = {
			isa = PBXResourcesBuildPhase;
			buildActionMask = 2147483647;
			files = (
				94AC0C061E27127500892F6C /* LaunchScreen.storyboard in Resources */,
				94AC0C031E27127500892F6C /* Assets.xcassets in Resources */,
				94AC0C011E27127500892F6C /* Main.storyboard in Resources */,
			);
			runOnlyForDeploymentPostprocessing = 0;
		};
/* End PBXResourcesBuildPhase section */

/* Begin PBXSourcesBuildPhase section */
		94AC0BF41E27127500892F6C /* Sources */ = {
			isa = PBXSourcesBuildPhase;
			buildActionMask = 2147483647;
			files = (
				94AC0BFE1E27127500892F6C /* ViewController.swift in Sources */,
				94AC0BFC1E27127500892F6C /* AppDelegate.swift in Sources */,
				94AC0C0E1E27198600892F6C /* SehmonVC.swift in Sources */,
			);
			runOnlyForDeploymentPostprocessing = 0;
		};
/* End PBXSourcesBuildPhase section */

/* Begin PBXVariantGroup section */
		94AC0BFF1E27127500892F6C /* Main.storyboard */ = {
			isa = PBXVariantGroup;
			children = (
				94AC0C001E27127500892F6C /* Base */,
			);
			name = Main.storyboard;
			sourceTree = "<group>";
		};
		94AC0C041E27127500892F6C /* LaunchScreen.storyboard */ = {
			isa = PBXVariantGroup;
			children = (
				94AC0C051E27127500892F6C /* Base */,
			);
			name = LaunchScreen.storyboard;
			sourceTree = "<group>";
		};
/* End PBXVariantGroup section */

/* Begin XCBuildConfiguration section */
		94AC0C081E27127500892F6C /* Debug */ = {
			isa = XCBuildConfiguration;
			buildSettings = {
				ALWAYS_SEARCH_USER_PATHS = NO;
				CLANG_ANALYZER_NONNULL = YES;
				CLANG_CXX_LANGUAGE_STANDARD = "gnu++0x";
				CLANG_CXX_LIBRARY = "libc++";
				CLANG_ENABLE_MODULES = YES;
				CLANG_ENABLE_OBJC_ARC = YES;
				CLANG_WARN_BOOL_CONVERSION = YES;
				CLANG_WARN_CONSTANT_CONVERSION = YES;
				CLANG_WARN_DIRECT_OBJC_ISA_USAGE = YES_ERROR;
				CLANG_WARN_DOCUMENTATION_COMMENTS = YES;
				CLANG_WARN_EMPTY_BODY = YES;
				CLANG_WARN_ENUM_CONVERSION = YES;
				CLANG_WARN_INFINITE_RECURSION = YES;
				CLANG_WARN_INT_CONVERSION = YES;
				CLANG_WARN_OBJC_ROOT_CLASS = YES_ERROR;
				CLANG_WARN_SUSPICIOUS_MOVES = YES;
				CLANG_WARN_UNREACHABLE_CODE = YES;
				CLANG_WARN__DUPLICATE_METHOD_MATCH = YES;
				"CODE_SIGN_IDENTITY[sdk=iphoneos*]" = "iPhone Developer";
				COPY_PHASE_STRIP = NO;
				DEBUG_INFORMATION_FORMAT = dwarf;
				ENABLE_STRICT_OBJC_MSGSEND = YES;
				ENABLE_TESTABILITY = YES;
				GCC_C_LANGUAGE_STANDARD = gnu99;
				GCC_DYNAMIC_NO_PIC = NO;
				GCC_NO_COMMON_BLOCKS = YES;
				GCC_OPTIMIZATION_LEVEL = 0;
				GCC_PREPROCESSOR_DEFINITIONS = (
					"DEBUG=1",
					"$(inherited)",
				);
				GCC_WARN_64_TO_32_BIT_CONVERSION = YES;
				GCC_WARN_ABOUT_RETURN_TYPE = YES_ERROR;
				GCC_WARN_UNDECLARED_SELECTOR = YES;
				GCC_WARN_UNINITIALIZED_AUTOS = YES_AGGRESSIVE;
				GCC_WARN_UNUSED_FUNCTION = YES;
				GCC_WARN_UNUSED_VARIABLE = YES;
				IPHONEOS_DEPLOYMENT_TARGET = 10.1;
				MTL_ENABLE_DEBUG_INFO = YES;
				ONLY_ACTIVE_ARCH = YES;
				SDKROOT = iphoneos;
				SWIFT_ACTIVE_COMPILATION_CONDITIONS = DEBUG;
				SWIFT_OPTIMIZATION_LEVEL = "-Onone";
			};
			name = Debug;
		};
		94AC0C091E27127500892F6C /* Release */ = {
			isa = XCBuildConfiguration;
			buildSettings = {
				ALWAYS_SEARCH_USER_PATHS = NO;
				CLANG_ANALYZER_NONNULL = YES;
				CLANG_CXX_LANGUAGE_STANDARD = "gnu++0x";
				CLANG_CXX_LIBRARY = "libc++";
				CLANG_ENABLE_MODULES = YES;
				CLANG_ENABLE_OBJC_ARC = YES;
				CLANG_WARN_BOOL_CONVERSION = YES;
				CLANG_WARN_CONSTANT_CONVERSION = YES;
				CLANG_WARN_DIRECT_OBJC_ISA_USAGE = YES_ERROR;
				CLANG_WARN_DOCUMENTATION_COMMENTS = YES;
				CLANG_WARN_EMPTY_BODY = YES;
				CLANG_WARN_ENUM_CONVERSION = YES;
				CLANG_WARN_INFINITE_RECURSION = YES;
				CLANG_WARN_INT_CONVERSION = YES;
				CLANG_WARN_OBJC_ROOT_CLASS = YES_ERROR;
				CLANG_WARN_SUSPICIOUS_MOVES = YES;
				CLANG_WARN_UNREACHABLE_CODE = YES;
				CLANG_WARN__DUPLICATE_METHOD_MATCH = YES;
				"CODE_SIGN_IDENTITY[sdk=iphoneos*]" = "iPhone Developer";
				COPY_PHASE_STRIP = NO;
				DEBUG_INFORMATION_FORMAT = "dwarf-with-dsym";
				ENABLE_NS_ASSERTIONS = NO;
				ENABLE_STRICT_OBJC_MSGSEND = YES;
				GCC_C_LANGUAGE_STANDARD = gnu99;
				GCC_NO_COMMON_BLOCKS = YES;
				GCC_WARN_64_TO_32_BIT_CONVERSION = YES;
				GCC_WARN_ABOUT_RETURN_TYPE = YES_ERROR;
				GCC_WARN_UNDECLARED_SELECTOR = YES;
				GCC_WARN_UNINITIALIZED_AUTOS = YES_AGGRESSIVE;
				GCC_WARN_UNUSED_FUNCTION = YES;
				GCC_WARN_UNUSED_VARIABLE = YES;
				IPHONEOS_DEPLOYMENT_TARGET = 10.1;
				MTL_ENABLE_DEBUG_INFO = NO;
				SDKROOT = iphoneos;
				SWIFT_OPTIMIZATION_LEVEL = "-Owholemodule";
				VALIDATE_PRODUCT = YES;
			};
			name = Release;
		};
		94AC0C0B1E27127500892F6C /* Debug */ = {
			isa = XCBuildConfiguration;
			buildSettings = {
				ASSETCATALOG_COMPILER_APPICON_NAME = AppIcon;
				DEVELOPMENT_TEAM = QR3YW3B828;
				INFOPLIST_FILE = MyFirstApp/Info.plist;
				LD_RUNPATH_SEARCH_PATHS = "$(inherited) @executable_path/Frameworks";
				PRODUCT_BUNDLE_IDENTIFIER = com.meggrasse.MyFirstApp;
				PRODUCT_NAME = "$(TARGET_NAME)";
				SWIFT_VERSION = 3.0;
			};
			name = Debug;
		};
		94AC0C0C1E27127500892F6C /* Release */ = {
			isa = XCBuildConfiguration;
			buildSettings = {
				ASSETCATALOG_COMPILER_APPICON_NAME = AppIcon;
				DEVELOPMENT_TEAM = QR3YW3B828;
				INFOPLIST_FILE = MyFirstApp/Info.plist;
				LD_RUNPATH_SEARCH_PATHS = "$(inherited) @executable_path/Frameworks";
				PRODUCT_BUNDLE_IDENTIFIER = com.meggrasse.MyFirstApp;
				PRODUCT_NAME = "$(TARGET_NAME)";
				SWIFT_VERSION = 3.0;
			};
			name = Release;
		};
/* End XCBuildConfiguration section */

/* Begin XCConfigurationList section */
		94AC0BF31E27127500892F6C /* Build configuration list for PBXProject "MyFirstApp" */ = {
			isa = XCConfigurationList;
			buildConfigurations = (
				94AC0C081E27127500892F6C /* Debug */,
				94AC0C091E27127500892F6C /* Release */,
			);
			defaultConfigurationIsVisible = 0;
			defaultConfigurationName = Release;
		};
		94AC0C0A1E27127500892F6C /* Build configuration list for PBXNativeTarget "MyFirstApp" */ = {
			isa = XCConfigurationList;
			buildConfigurations = (
				94AC0C0B1E27127500892F6C /* Debug */,
				94AC0C0C1E27127500892F6C /* Release */,
			);
			defaultConfigurationIsVisible = 0;
		};
/* End XCConfigurationList section */
	};
	rootObject = 94AC0BF01E27127500892F6C /* Project object */;
}
